
Microsoft Visual Studio Solution File, Format Version 12.00
# Visual Studio Version 16
VisualStudioVersion = 16.0.30717.126
MinimumVisualStudioVersion = 10.0.40219.1
Project("{9A19103F-16F7-4668-BE54-9A1E7A4F7556}") = "Day 01-1", "Day 01-1\Day 01-1.csproj", "{1D2CD75F-DBC8-4A2F-A382-46DA0F7D36D3}"
EndProject
Project("{9A19103F-16F7-4668-BE54-9A1E7A4F7556}") = "Day 01-2", "Day 01-2\Day 01-2.csproj", "{18E6D091-DB29-46A2-B622-3A3B9287F653}"
EndProject
Project("{9A19103F-16F7-4668-BE54-9A1E7A4F7556}") = "Day 02-1", "Day 02-1\Day 02-1.csproj", "{F7374D72-96A3-4270-B46D-92123AF16BDE}"
EndProject
Project("{9A19103F-16F7-4668-BE54-9A1E7A4F7556}") = "Day 02-2", "Day 02-2\Day 02-2.csproj", "{65580E45-7A36-46D4-8594-9FA30EEF2656}"
EndProject
Project("{9A19103F-16F7-4668-BE54-9A1E7A4F7556}") = "Day 03-1", "Day 03-1\Day 03-1.csproj", "{610C51F5-C715-4BA5-9215-94D3A9D54715}"
EndProject
Project("{9A19103F-16F7-4668-BE54-9A1E7A4F7556}") = "Day 03-2", "Day 03-2\Day 03-2.csproj", "{995EF156-ED48-476A-BD7E-6056CDA9519B}"
EndProject
Project("{9A19103F-16F7-4668-BE54-9A1E7A4F7556}") = "Day 04-1", "Day 04-1\Day 04-1.csproj", "{3E6BBE46-5DB0-443F-B02A-602FE9FAD4D6}"
EndProject
Project("{9A19103F-16F7-4668-BE54-9A1E7A4F7556}") = "Day 04-2", "Day 04-2\Day 04-2.csproj", "{B77CD8A0-2F32-4C5A-A12E-64AC4925DDA7}"
EndProject
Project("{9A19103F-16F7-4668-BE54-9A1E7A4F7556}") = "Day 05-1", "Day 05-1\Day 05-1.csproj", "{2A39EA63-AE94-4203-946F-7B2001EF3F39}"
EndProject
Project("{9A19103F-16F7-4668-BE54-9A1E7A4F7556}") = "Day 05-2", "Day 05-2\Day 05-2.csproj", "{79D7F67D-FB66-415D-97A7-4C42F9697A5D}"
EndProject
Project("{9A19103F-16F7-4668-BE54-9A1E7A4F7556}") = "Day 06-1", "Day 06-1\Day 06-1.csproj", "{D374C78C-9E63-45C3-8360-58C890A9EBE3}"
EndProject
Project("{9A19103F-16F7-4668-BE54-9A1E7A4F7556}") = "Day 06-2", "Day 06-2\Day 06-2.csproj", "{D824F1D4-1E4C-44D8-916B-2DFC78B70FF9}"
EndProject
Project("{9A19103F-16F7-4668-BE54-9A1E7A4F7556}") = "Day 07-1", "Day 07-1\Day 07-1.csproj", "{83F69986-3D59-43C8-B565-C45F82EE3D02}"
EndProject
Project("{9A19103F-16F7-4668-BE54-9A1E7A4F7556}") = "Day 07-2", "Day 07-2\Day 07-2.csproj", "{5C3C96C9-6A15-48F0-8440-AA2AC35EBFB7}"
EndProject
Project("{9A19103F-16F7-4668-BE54-9A1E7A4F7556}") = "Day 07-E2", "Day 07-E2\Day 07-E2.csproj", "{202D1C0D-A21B-4B3F-9EDE-A580A1C97CAD}"
EndProject
Project("{9A19103F-16F7-4668-BE54-9A1E7A4F7556}") = "Day 07-E1", "Day 07-E1\Day 07-E1.csproj", "{38DD8105-2858-42F6-84B0-DA134C7CF5F8}"
EndProject
Project("{9A19103F-16F7-4668-BE54-9A1E7A4F7556}") = "Day 08-1", "Day 08-1\Day 08-1.csproj", "{E4255907-194E-40CB-AEE2-696EC708C06F}"
EndProject
Project("{9A19103F-16F7-4668-BE54-9A1E7A4F7556}") = "Day 08-2", "Day 08-2\Day 08-2.csproj", "{6B6C1172-2276-4872-947A-60FA875AADBC}"
EndProject
Project("{9A19103F-16F7-4668-BE54-9A1E7A4F7556}") = "Day 09-1", "Day 09-1\Day 09-1.csproj", "{66E251FF-3AA0-45E7-8B9D-0C5CED688E2F}"
EndProject
Project("{9A19103F-16F7-4668-BE54-9A1E7A4F7556}") = "Day 09-2", "Day 09-2\Day 09-2.csproj", "{7C08FBD7-7DBA-40FE-B9A3-723C190AA2CB}"
EndProject
Project("{9A19103F-16F7-4668-BE54-9A1E7A4F7556}") = "Day 10-1", "Day 10-1\Day 10-1.csproj", "{4826F147-61DC-4A5A-9C7F-BC5D62F1E080}"
EndProject
Project("{9A19103F-16F7-4668-BE54-9A1E7A4F7556}") = "Day 10-2", "Day 10-2\Day 10-2.csproj", "{BE88A241-C670-45BB-A9DA-7622D1583D47}"
EndProject
Project("{9A19103F-16F7-4668-BE54-9A1E7A4F7556}") = "Day 10-E2", "Day 10-E2\Day 10-E2.csproj", "{8A50A0E1-B5D1-41AA-B9AB-3E8024F72AFB}"
EndProject
Project("{9A19103F-16F7-4668-BE54-9A1E7A4F7556}") = "Day 11-1", "Day 11-1\Day 11-1.csproj", "{F0934417-E3B6-4E0F-99F8-E1AC39077E28}"
EndProject
Project("{9A19103F-16F7-4668-BE54-9A1E7A4F7556}") = "Day 11-2", "Day 11-2\Day 11-2.csproj", "{7AACF4C6-B585-4FB5-93BE-7DBCCB014EB9}"
EndProject
Project("{9A19103F-16F7-4668-BE54-9A1E7A4F7556}") = "Day 11-E2", "Day 11-E2\Day 11-E2.csproj", "{91407836-5466-4983-AF4C-43D2E34421C9}"
EndProject
Project("{9A19103F-16F7-4668-BE54-9A1E7A4F7556}") = "Day 12-1", "Day 12-1\Day 12-1.csproj", "{46667312-A9C4-4084-92BA-FC9A8034E544}"
EndProject
Project("{9A19103F-16F7-4668-BE54-9A1E7A4F7556}") = "Day 12-2", "Day 12-2\Day 12-2.csproj", "{FB006062-0EC7-44D6-9278-7E9E6F6CB508}"
EndProject
Project("{9A19103F-16F7-4668-BE54-9A1E7A4F7556}") = "Day 13-1", "Day 13-1\Day 13-1.csproj", "{ECA004AD-A26B-41DB-A94E-28FE3AF667CB}"
EndProject
Project("{9A19103F-16F7-4668-BE54-9A1E7A4F7556}") = "Day 13-2", "Day 13-2\Day 13-2.csproj", "{BFB9655C-1A8D-4072-B98D-7C18A14C1AE5}"
EndProject
Project("{9A19103F-16F7-4668-BE54-9A1E7A4F7556}") = "Day 14-1", "Day 14-1\Day 14-1.csproj", "{368300E6-64E8-4E0E-BB20-57014BAE5AD9}"
EndProject
Project("{9A19103F-16F7-4668-BE54-9A1E7A4F7556}") = "Day 14-2", "Day 14-2\Day 14-2.csproj", "{842E4626-0667-49BD-8693-2F4ED87EC48E}"
EndProject
Project("{9A19103F-16F7-4668-BE54-9A1E7A4F7556}") = "Day 15-1", "Day 15-1\Day 15-1.csproj", "{9A6977E1-BC3E-45CB-A99A-FE4EA8DF25DB}"
EndProject
Project("{9A19103F-16F7-4668-BE54-9A1E7A4F7556}") = "Day 15-2", "Day 15-2\Day 15-2.csproj", "{BE6B1B8A-2B46-4A74-B5F0-A8A25124AA1C}"
EndProject
Project("{9A19103F-16F7-4668-BE54-9A1E7A4F7556}") = "Day 16-1", "Day 16-1\Day 16-1.csproj", "{95B7E261-4681-40CC-83C0-02A89D80F8F5}"
EndProject
Project("{9A19103F-16F7-4668-BE54-9A1E7A4F7556}") = "Day 16-2", "Day 16-2\Day 16-2.csproj", "{52392A44-8326-4157-AD6A-85ADCC00C56B}"
EndProject
Project("{FAE04EC0-301F-11D3-BF4B-00C04F79EFBC}") = "Day 17-1", "Day 17-1\Day 17-1.csproj", "{8FD14E5E-1C48-498C-958E-262B7AAEF4CF}"
EndProject
Project("{FAE04EC0-301F-11D3-BF4B-00C04F79EFBC}") = "Day 17-2", "Day 17-2\Day 17-2.csproj", "{2BCBB9FD-F030-4DF7-B23D-42AB10E58AF4}"
EndProject
Global
	GlobalSection(SolutionConfigurationPlatforms) = preSolution
		Debug|Any CPU = Debug|Any CPU
		Release|Any CPU = Release|Any CPU
	EndGlobalSection
	GlobalSection(ProjectConfigurationPlatforms) = postSolution
		{1D2CD75F-DBC8-4A2F-A382-46DA0F7D36D3}.Debug|Any CPU.ActiveCfg = Debug|Any CPU
		{1D2CD75F-DBC8-4A2F-A382-46DA0F7D36D3}.Debug|Any CPU.Build.0 = Debug|Any CPU
		{1D2CD75F-DBC8-4A2F-A382-46DA0F7D36D3}.Release|Any CPU.ActiveCfg = Release|Any CPU
		{1D2CD75F-DBC8-4A2F-A382-46DA0F7D36D3}.Release|Any CPU.Build.0 = Release|Any CPU
		{18E6D091-DB29-46A2-B622-3A3B9287F653}.Debug|Any CPU.ActiveCfg = Debug|Any CPU
		{18E6D091-DB29-46A2-B622-3A3B9287F653}.Debug|Any CPU.Build.0 = Debug|Any CPU
		{18E6D091-DB29-46A2-B622-3A3B9287F653}.Release|Any CPU.ActiveCfg = Release|Any CPU
		{18E6D091-DB29-46A2-B622-3A3B9287F653}.Release|Any CPU.Build.0 = Release|Any CPU
		{F7374D72-96A3-4270-B46D-92123AF16BDE}.Debug|Any CPU.ActiveCfg = Debug|Any CPU
		{F7374D72-96A3-4270-B46D-92123AF16BDE}.Debug|Any CPU.Build.0 = Debug|Any CPU
		{F7374D72-96A3-4270-B46D-92123AF16BDE}.Release|Any CPU.ActiveCfg = Release|Any CPU
		{F7374D72-96A3-4270-B46D-92123AF16BDE}.Release|Any CPU.Build.0 = Release|Any CPU
		{65580E45-7A36-46D4-8594-9FA30EEF2656}.Debug|Any CPU.ActiveCfg = Debug|Any CPU
		{65580E45-7A36-46D4-8594-9FA30EEF2656}.Debug|Any CPU.Build.0 = Debug|Any CPU
		{65580E45-7A36-46D4-8594-9FA30EEF2656}.Release|Any CPU.ActiveCfg = Release|Any CPU
		{65580E45-7A36-46D4-8594-9FA30EEF2656}.Release|Any CPU.Build.0 = Release|Any CPU
		{610C51F5-C715-4BA5-9215-94D3A9D54715}.Debug|Any CPU.ActiveCfg = Debug|Any CPU
		{610C51F5-C715-4BA5-9215-94D3A9D54715}.Debug|Any CPU.Build.0 = Debug|Any CPU
		{610C51F5-C715-4BA5-9215-94D3A9D54715}.Release|Any CPU.ActiveCfg = Release|Any CPU
		{610C51F5-C715-4BA5-9215-94D3A9D54715}.Release|Any CPU.Build.0 = Release|Any CPU
		{995EF156-ED48-476A-BD7E-6056CDA9519B}.Debug|Any CPU.ActiveCfg = Debug|Any CPU
		{995EF156-ED48-476A-BD7E-6056CDA9519B}.Debug|Any CPU.Build.0 = Debug|Any CPU
		{995EF156-ED48-476A-BD7E-6056CDA9519B}.Release|Any CPU.ActiveCfg = Release|Any CPU
		{995EF156-ED48-476A-BD7E-6056CDA9519B}.Release|Any CPU.Build.0 = Release|Any CPU
		{3E6BBE46-5DB0-443F-B02A-602FE9FAD4D6}.Debug|Any CPU.ActiveCfg = Debug|Any CPU
		{3E6BBE46-5DB0-443F-B02A-602FE9FAD4D6}.Debug|Any CPU.Build.0 = Debug|Any CPU
		{3E6BBE46-5DB0-443F-B02A-602FE9FAD4D6}.Release|Any CPU.ActiveCfg = Release|Any CPU
		{3E6BBE46-5DB0-443F-B02A-602FE9FAD4D6}.Release|Any CPU.Build.0 = Release|Any CPU
		{B77CD8A0-2F32-4C5A-A12E-64AC4925DDA7}.Debug|Any CPU.ActiveCfg = Debug|Any CPU
		{B77CD8A0-2F32-4C5A-A12E-64AC4925DDA7}.Debug|Any CPU.Build.0 = Debug|Any CPU
		{B77CD8A0-2F32-4C5A-A12E-64AC4925DDA7}.Release|Any CPU.ActiveCfg = Release|Any CPU
		{B77CD8A0-2F32-4C5A-A12E-64AC4925DDA7}.Release|Any CPU.Build.0 = Release|Any CPU
		{2A39EA63-AE94-4203-946F-7B2001EF3F39}.Debug|Any CPU.ActiveCfg = Debug|Any CPU
		{2A39EA63-AE94-4203-946F-7B2001EF3F39}.Debug|Any CPU.Build.0 = Debug|Any CPU
		{2A39EA63-AE94-4203-946F-7B2001EF3F39}.Release|Any CPU.ActiveCfg = Release|Any CPU
		{2A39EA63-AE94-4203-946F-7B2001EF3F39}.Release|Any CPU.Build.0 = Release|Any CPU
		{79D7F67D-FB66-415D-97A7-4C42F9697A5D}.Debug|Any CPU.ActiveCfg = Debug|Any CPU
		{79D7F67D-FB66-415D-97A7-4C42F9697A5D}.Debug|Any CPU.Build.0 = Debug|Any CPU
		{79D7F67D-FB66-415D-97A7-4C42F9697A5D}.Release|Any CPU.ActiveCfg = Release|Any CPU
		{79D7F67D-FB66-415D-97A7-4C42F9697A5D}.Release|Any CPU.Build.0 = Release|Any CPU
		{D374C78C-9E63-45C3-8360-58C890A9EBE3}.Debug|Any CPU.ActiveCfg = Debug|Any CPU
		{D374C78C-9E63-45C3-8360-58C890A9EBE3}.Debug|Any CPU.Build.0 = Debug|Any CPU
		{D374C78C-9E63-45C3-8360-58C890A9EBE3}.Release|Any CPU.ActiveCfg = Release|Any CPU
		{D374C78C-9E63-45C3-8360-58C890A9EBE3}.Release|Any CPU.Build.0 = Release|Any CPU
		{D824F1D4-1E4C-44D8-916B-2DFC78B70FF9}.Debug|Any CPU.ActiveCfg = Debug|Any CPU
		{D824F1D4-1E4C-44D8-916B-2DFC78B70FF9}.Debug|Any CPU.Build.0 = Debug|Any CPU
		{D824F1D4-1E4C-44D8-916B-2DFC78B70FF9}.Release|Any CPU.ActiveCfg = Release|Any CPU
		{D824F1D4-1E4C-44D8-916B-2DFC78B70FF9}.Release|Any CPU.Build.0 = Release|Any CPU
		{83F69986-3D59-43C8-B565-C45F82EE3D02}.Debug|Any CPU.ActiveCfg = Debug|Any CPU
		{83F69986-3D59-43C8-B565-C45F82EE3D02}.Debug|Any CPU.Build.0 = Debug|Any CPU
		{83F69986-3D59-43C8-B565-C45F82EE3D02}.Release|Any CPU.ActiveCfg = Release|Any CPU
		{83F69986-3D59-43C8-B565-C45F82EE3D02}.Release|Any CPU.Build.0 = Release|Any CPU
		{5C3C96C9-6A15-48F0-8440-AA2AC35EBFB7}.Debug|Any CPU.ActiveCfg = Debug|Any CPU
		{5C3C96C9-6A15-48F0-8440-AA2AC35EBFB7}.Debug|Any CPU.Build.0 = Debug|Any CPU
		{5C3C96C9-6A15-48F0-8440-AA2AC35EBFB7}.Release|Any CPU.ActiveCfg = Release|Any CPU
		{5C3C96C9-6A15-48F0-8440-AA2AC35EBFB7}.Release|Any CPU.Build.0 = Release|Any CPU
		{202D1C0D-A21B-4B3F-9EDE-A580A1C97CAD}.Debug|Any CPU.ActiveCfg = Debug|Any CPU
		{202D1C0D-A21B-4B3F-9EDE-A580A1C97CAD}.Debug|Any CPU.Build.0 = Debug|Any CPU
		{202D1C0D-A21B-4B3F-9EDE-A580A1C97CAD}.Release|Any CPU.ActiveCfg = Release|Any CPU
		{202D1C0D-A21B-4B3F-9EDE-A580A1C97CAD}.Release|Any CPU.Build.0 = Release|Any CPU
		{38DD8105-2858-42F6-84B0-DA134C7CF5F8}.Debug|Any CPU.ActiveCfg = Debug|Any CPU
		{38DD8105-2858-42F6-84B0-DA134C7CF5F8}.Debug|Any CPU.Build.0 = Debug|Any CPU
		{38DD8105-2858-42F6-84B0-DA134C7CF5F8}.Release|Any CPU.ActiveCfg = Release|Any CPU
		{38DD8105-2858-42F6-84B0-DA134C7CF5F8}.Release|Any CPU.Build.0 = Release|Any CPU
		{E4255907-194E-40CB-AEE2-696EC708C06F}.Debug|Any CPU.ActiveCfg = Debug|Any CPU
		{E4255907-194E-40CB-AEE2-696EC708C06F}.Debug|Any CPU.Build.0 = Debug|Any CPU
		{E4255907-194E-40CB-AEE2-696EC708C06F}.Release|Any CPU.ActiveCfg = Release|Any CPU
		{E4255907-194E-40CB-AEE2-696EC708C06F}.Release|Any CPU.Build.0 = Release|Any CPU
		{6B6C1172-2276-4872-947A-60FA875AADBC}.Debug|Any CPU.ActiveCfg = Debug|Any CPU
		{6B6C1172-2276-4872-947A-60FA875AADBC}.Debug|Any CPU.Build.0 = Debug|Any CPU
		{6B6C1172-2276-4872-947A-60FA875AADBC}.Release|Any CPU.ActiveCfg = Release|Any CPU
		{6B6C1172-2276-4872-947A-60FA875AADBC}.Release|Any CPU.Build.0 = Release|Any CPU
		{66E251FF-3AA0-45E7-8B9D-0C5CED688E2F}.Debug|Any CPU.ActiveCfg = Debug|Any CPU
		{66E251FF-3AA0-45E7-8B9D-0C5CED688E2F}.Debug|Any CPU.Build.0 = Debug|Any CPU
		{66E251FF-3AA0-45E7-8B9D-0C5CED688E2F}.Release|Any CPU.ActiveCfg = Release|Any CPU
		{66E251FF-3AA0-45E7-8B9D-0C5CED688E2F}.Release|Any CPU.Build.0 = Release|Any CPU
		{7C08FBD7-7DBA-40FE-B9A3-723C190AA2CB}.Debug|Any CPU.ActiveCfg = Debug|Any CPU
		{7C08FBD7-7DBA-40FE-B9A3-723C190AA2CB}.Debug|Any CPU.Build.0 = Debug|Any CPU
		{7C08FBD7-7DBA-40FE-B9A3-723C190AA2CB}.Release|Any CPU.ActiveCfg = Release|Any CPU
		{7C08FBD7-7DBA-40FE-B9A3-723C190AA2CB}.Release|Any CPU.Build.0 = Release|Any CPU
		{4826F147-61DC-4A5A-9C7F-BC5D62F1E080}.Debug|Any CPU.ActiveCfg = Debug|Any CPU
		{4826F147-61DC-4A5A-9C7F-BC5D62F1E080}.Debug|Any CPU.Build.0 = Debug|Any CPU
		{4826F147-61DC-4A5A-9C7F-BC5D62F1E080}.Release|Any CPU.ActiveCfg = Release|Any CPU
		{4826F147-61DC-4A5A-9C7F-BC5D62F1E080}.Release|Any CPU.Build.0 = Release|Any CPU
		{BE88A241-C670-45BB-A9DA-7622D1583D47}.Debug|Any CPU.ActiveCfg = Debug|Any CPU
		{BE88A241-C670-45BB-A9DA-7622D1583D47}.Debug|Any CPU.Build.0 = Debug|Any CPU
		{BE88A241-C670-45BB-A9DA-7622D1583D47}.Release|Any CPU.ActiveCfg = Release|Any CPU
		{BE88A241-C670-45BB-A9DA-7622D1583D47}.Release|Any CPU.Build.0 = Release|Any CPU
		{8A50A0E1-B5D1-41AA-B9AB-3E8024F72AFB}.Debug|Any CPU.ActiveCfg = Debug|Any CPU
		{8A50A0E1-B5D1-41AA-B9AB-3E8024F72AFB}.Debug|Any CPU.Build.0 = Debug|Any CPU
		{8A50A0E1-B5D1-41AA-B9AB-3E8024F72AFB}.Release|Any CPU.ActiveCfg = Release|Any CPU
		{8A50A0E1-B5D1-41AA-B9AB-3E8024F72AFB}.Release|Any CPU.Build.0 = Release|Any CPU
		{F0934417-E3B6-4E0F-99F8-E1AC39077E28}.Debug|Any CPU.ActiveCfg = Debug|Any CPU
		{F0934417-E3B6-4E0F-99F8-E1AC39077E28}.Debug|Any CPU.Build.0 = Debug|Any CPU
		{F0934417-E3B6-4E0F-99F8-E1AC39077E28}.Release|Any CPU.ActiveCfg = Release|Any CPU
		{F0934417-E3B6-4E0F-99F8-E1AC39077E28}.Release|Any CPU.Build.0 = Release|Any CPU
		{7AACF4C6-B585-4FB5-93BE-7DBCCB014EB9}.Debug|Any CPU.ActiveCfg = Debug|Any CPU
		{7AACF4C6-B585-4FB5-93BE-7DBCCB014EB9}.Debug|Any CPU.Build.0 = Debug|Any CPU
		{7AACF4C6-B585-4FB5-93BE-7DBCCB014EB9}.Release|Any CPU.ActiveCfg = Release|Any CPU
		{7AACF4C6-B585-4FB5-93BE-7DBCCB014EB9}.Release|Any CPU.Build.0 = Release|Any CPU
		{91407836-5466-4983-AF4C-43D2E34421C9}.Debug|Any CPU.ActiveCfg = Debug|Any CPU
		{91407836-5466-4983-AF4C-43D2E34421C9}.Debug|Any CPU.Build.0 = Debug|Any CPU
		{91407836-5466-4983-AF4C-43D2E34421C9}.Release|Any CPU.ActiveCfg = Release|Any CPU
		{91407836-5466-4983-AF4C-43D2E34421C9}.Release|Any CPU.Build.0 = Release|Any CPU
		{46667312-A9C4-4084-92BA-FC9A8034E544}.Debug|Any CPU.ActiveCfg = Debug|Any CPU
		{46667312-A9C4-4084-92BA-FC9A8034E544}.Debug|Any CPU.Build.0 = Debug|Any CPU
		{46667312-A9C4-4084-92BA-FC9A8034E544}.Release|Any CPU.ActiveCfg = Release|Any CPU
		{46667312-A9C4-4084-92BA-FC9A8034E544}.Release|Any CPU.Build.0 = Release|Any CPU
		{FB006062-0EC7-44D6-9278-7E9E6F6CB508}.Debug|Any CPU.ActiveCfg = Debug|Any CPU
		{FB006062-0EC7-44D6-9278-7E9E6F6CB508}.Debug|Any CPU.Build.0 = Debug|Any CPU
		{FB006062-0EC7-44D6-9278-7E9E6F6CB508}.Release|Any CPU.ActiveCfg = Release|Any CPU
		{FB006062-0EC7-44D6-9278-7E9E6F6CB508}.Release|Any CPU.Build.0 = Release|Any CPU
		{ECA004AD-A26B-41DB-A94E-28FE3AF667CB}.Debug|Any CPU.ActiveCfg = Debug|Any CPU
		{ECA004AD-A26B-41DB-A94E-28FE3AF667CB}.Debug|Any CPU.Build.0 = Debug|Any CPU
		{ECA004AD-A26B-41DB-A94E-28FE3AF667CB}.Release|Any CPU.ActiveCfg = Release|Any CPU
		{ECA004AD-A26B-41DB-A94E-28FE3AF667CB}.Release|Any CPU.Build.0 = Release|Any CPU
		{BFB9655C-1A8D-4072-B98D-7C18A14C1AE5}.Debug|Any CPU.ActiveCfg = Debug|Any CPU
		{BFB9655C-1A8D-4072-B98D-7C18A14C1AE5}.Debug|Any CPU.Build.0 = Debug|Any CPU
		{BFB9655C-1A8D-4072-B98D-7C18A14C1AE5}.Release|Any CPU.ActiveCfg = Release|Any CPU
		{BFB9655C-1A8D-4072-B98D-7C18A14C1AE5}.Release|Any CPU.Build.0 = Release|Any CPU
		{368300E6-64E8-4E0E-BB20-57014BAE5AD9}.Debug|Any CPU.ActiveCfg = Debug|Any CPU
		{368300E6-64E8-4E0E-BB20-57014BAE5AD9}.Debug|Any CPU.Build.0 = Debug|Any CPU
		{368300E6-64E8-4E0E-BB20-57014BAE5AD9}.Release|Any CPU.ActiveCfg = Release|Any CPU
		{368300E6-64E8-4E0E-BB20-57014BAE5AD9}.Release|Any CPU.Build.0 = Release|Any CPU
		{842E4626-0667-49BD-8693-2F4ED87EC48E}.Debug|Any CPU.ActiveCfg = Debug|Any CPU
		{842E4626-0667-49BD-8693-2F4ED87EC48E}.Debug|Any CPU.Build.0 = Debug|Any CPU
		{842E4626-0667-49BD-8693-2F4ED87EC48E}.Release|Any CPU.ActiveCfg = Release|Any CPU
		{842E4626-0667-49BD-8693-2F4ED87EC48E}.Release|Any CPU.Build.0 = Release|Any CPU
		{9A6977E1-BC3E-45CB-A99A-FE4EA8DF25DB}.Debug|Any CPU.ActiveCfg = Debug|Any CPU
		{9A6977E1-BC3E-45CB-A99A-FE4EA8DF25DB}.Debug|Any CPU.Build.0 = Debug|Any CPU
		{9A6977E1-BC3E-45CB-A99A-FE4EA8DF25DB}.Release|Any CPU.ActiveCfg = Release|Any CPU
		{9A6977E1-BC3E-45CB-A99A-FE4EA8DF25DB}.Release|Any CPU.Build.0 = Release|Any CPU
		{BE6B1B8A-2B46-4A74-B5F0-A8A25124AA1C}.Debug|Any CPU.ActiveCfg = Debug|Any CPU
		{BE6B1B8A-2B46-4A74-B5F0-A8A25124AA1C}.Debug|Any CPU.Build.0 = Debug|Any CPU
		{BE6B1B8A-2B46-4A74-B5F0-A8A25124AA1C}.Release|Any CPU.ActiveCfg = Release|Any CPU
		{BE6B1B8A-2B46-4A74-B5F0-A8A25124AA1C}.Release|Any CPU.Build.0 = Release|Any CPU
		{95B7E261-4681-40CC-83C0-02A89D80F8F5}.Debug|Any CPU.ActiveCfg = Debug|Any CPU
		{95B7E261-4681-40CC-83C0-02A89D80F8F5}.Debug|Any CPU.Build.0 = Debug|Any CPU
		{95B7E261-4681-40CC-83C0-02A89D80F8F5}.Release|Any CPU.ActiveCfg = Release|Any CPU
		{95B7E261-4681-40CC-83C0-02A89D80F8F5}.Release|Any CPU.Build.0 = Release|Any CPU
		{52392A44-8326-4157-AD6A-85ADCC00C56B}.Debug|Any CPU.ActiveCfg = Debug|Any CPU
		{52392A44-8326-4157-AD6A-85ADCC00C56B}.Debug|Any CPU.Build.0 = Debug|Any CPU
		{52392A44-8326-4157-AD6A-85ADCC00C56B}.Release|Any CPU.ActiveCfg = Release|Any CPU
		{52392A44-8326-4157-AD6A-85ADCC00C56B}.Release|Any CPU.Build.0 = Release|Any CPU
		{8FD14E5E-1C48-498C-958E-262B7AAEF4CF}.Debug|Any CPU.ActiveCfg = Debug|Any CPU
		{8FD14E5E-1C48-498C-958E-262B7AAEF4CF}.Debug|Any CPU.Build.0 = Debug|Any CPU
		{8FD14E5E-1C48-498C-958E-262B7AAEF4CF}.Release|Any CPU.ActiveCfg = Release|Any CPU
		{8FD14E5E-1C48-498C-958E-262B7AAEF4CF}.Release|Any CPU.Build.0 = Release|Any CPU
		{2BCBB9FD-F030-4DF7-B23D-42AB10E58AF4}.Debug|Any CPU.ActiveCfg = Debug|Any CPU
		{2BCBB9FD-F030-4DF7-B23D-42AB10E58AF4}.Debug|Any CPU.Build.0 = Debug|Any CPU
		{2BCBB9FD-F030-4DF7-B23D-42AB10E58AF4}.Release|Any CPU.ActiveCfg = Release|Any CPU
		{2BCBB9FD-F030-4DF7-B23D-42AB10E58AF4}.Release|Any CPU.Build.0 = Release|Any CPU
	EndGlobalSection
	GlobalSection(SolutionProperties) = preSolution
		HideSolutionNode = FALSE
	EndGlobalSection
	GlobalSection(ExtensibilityGlobals) = postSolution
		SolutionGuid = {3B36CA3C-0F36-4A1C-83EE-EE19A85C2276}
	EndGlobalSection
EndGlobal
